// !$*UTF8*$!
{
	archiveVersion = 1;
	classes = {
	};
	objectVersion = 55;
	objects = {

/* Begin PBXBuildFile section */
		90A53B9E28456FE6004DE005 /* AppDelegate.swift in Sources */ = {isa = PBXBuildFile; fileRef = 90A53B9D28456FE6004DE005 /* AppDelegate.swift */; };
		90A53BA028456FE6004DE005 /* SceneDelegate.swift in Sources */ = {isa = PBXBuildFile; fileRef = 90A53B9F28456FE6004DE005 /* SceneDelegate.swift */; };
		90A53BA228456FE6004DE005 /* ViewController.swift in Sources */ = {isa = PBXBuildFile; fileRef = 90A53BA128456FE6004DE005 /* ViewController.swift */; };
		90A53BA528456FE6004DE005 /* Main.storyboard in Resources */ = {isa = PBXBuildFile; fileRef = 90A53BA328456FE6004DE005 /* Main.storyboard */; };
		90A53BA728456FE6004DE005 /* Assets.xcassets in Resources */ = {isa = PBXBuildFile; fileRef = 90A53BA628456FE6004DE005 /* Assets.xcassets */; };
		90A53BAA28456FE6004DE005 /* LaunchScreen.storyboard in Resources */ = {isa = PBXBuildFile; fileRef = 90A53BA828456FE6004DE005 /* LaunchScreen.storyboard */; };
		90A53BB528456FE6004DE005 /* orn2_kullanicigirisiTests.swift in Sources */ = {isa = PBXBuildFile; fileRef = 90A53BB428456FE6004DE005 /* orn2_kullanicigirisiTests.swift */; };
		90A53BBF28456FE6004DE005 /* orn2_kullanicigirisiUITests.swift in Sources */ = {isa = PBXBuildFile; fileRef = 90A53BBE28456FE6004DE005 /* orn2_kullanicigirisiUITests.swift */; };
		90A53BC128456FE6004DE005 /* orn2_kullanicigirisiUITestsLaunchTests.swift in Sources */ = {isa = PBXBuildFile; fileRef = 90A53BC028456FE6004DE005 /* orn2_kullanicigirisiUITestsLaunchTests.swift */; };
/* End PBXBuildFile section */

/* Begin PBXContainerItemProxy section */
		90A53BB128456FE6004DE005 /* PBXContainerItemProxy */ = {
			isa = PBXContainerItemProxy;
			containerPortal = 90A53B9228456FE6004DE005 /* Project object */;
			proxyType = 1;
			remoteGlobalIDString = 90A53B9928456FE6004DE005;
			remoteInfo = "orn2-kullanicigirisi";
		};
		90A53BBB28456FE6004DE005 /* PBXContainerItemProxy */ = {
			isa = PBXContainerItemProxy;
			containerPortal = 90A53B9228456FE6004DE005 /* Project object */;
			proxyType = 1;
			remoteGlobalIDString = 90A53B9928456FE6004DE005;
			remoteInfo = "orn2-kullanicigirisi";
		};
/* End PBXContainerItemProxy section */

/* Begin PBXFileReference section */
		90A53B9A28456FE6004DE005 /* orn2-kullanicigirisi.app */ = {isa = PBXFileReference; explicitFileType = wrapper.application; includeInIndex = 0; path = "orn2-kullanicigirisi.app"; sourceTree = BUILT_PRODUCTS_DIR; };
		90A53B9D28456FE6004DE005 /* AppDelegate.swift */ = {isa = PBXFileReference; lastKnownFileType = sourcecode.swift; path = AppDelegate.swift; sourceTree = "<group>"; };
		90A53B9F28456FE6004DE005 /* SceneDelegate.swift */ = {isa = PBXFileReference; lastKnownFileType = sourcecode.swift; path = SceneDelegate.swift; sourceTree = "<group>"; };
		90A53BA128456FE6004DE005 /* ViewController.swift */ = {isa = PBXFileReference; lastKnownFileType = sourcecode.swift; path = ViewController.swift; sourceTree = "<group>"; };
		90A53BA428456FE6004DE005 /* Base */ = {isa = PBXFileReference; lastKnownFileType = file.storyboard; name = Base; path = Base.lproj/Main.storyboard; sourceTree = "<group>"; };
		90A53BA628456FE6004DE005 /* Assets.xcassets */ = {isa = PBXFileReference; lastKnownFileType = folder.assetcatalog; path = Assets.xcassets; sourceTree = "<group>"; };
		90A53BA928456FE6004DE005 /* Base */ = {isa = PBXFileReference; lastKnownFileType = file.storyboard; name = Base; path = Base.lproj/LaunchScreen.storyboard; sourceTree = "<group>"; };
		90A53BAB28456FE6004DE005 /* Info.plist */ = {isa = PBXFileReference; lastKnownFileType = text.plist.xml; path = Info.plist; sourceTree = "<group>"; };
		90A53BB028456FE6004DE005 /* orn2-kullanicigirisiTests.xctest */ = {isa = PBXFileReference; explicitFileType = wrapper.cfbundle; includeInIndex = 0; path = "orn2-kullanicigirisiTests.xctest"; sourceTree = BUILT_PRODUCTS_DIR; };
		90A53BB428456FE6004DE005 /* orn2_kullanicigirisiTests.swift */ = {isa = PBXFileReference; lastKnownFileType = sourcecode.swift; path = orn2_kullanicigirisiTests.swift; sourceTree = "<group>"; };
		90A53BBA28456FE6004DE005 /* orn2-kullanicigirisiUITests.xctest */ = {isa = PBXFileReference; explicitFileType = wrapper.cfbundle; includeInIndex = 0; path = "orn2-kullanicigirisiUITests.xctest"; sourceTree = BUILT_PRODUCTS_DIR; };
		90A53BBE28456FE6004DE005 /* orn2_kullanicigirisiUITests.swift */ = {isa = PBXFileReference; lastKnownFileType = sourcecode.swift; path = orn2_kullanicigirisiUITests.swift; sourceTree = "<group>"; };
		90A53BC028456FE6004DE005 /* orn2_kullanicigirisiUITestsLaunchTests.swift */ = {isa = PBXFileReference; lastKnownFileType = sourcecode.swift; path = orn2_kullanicigirisiUITestsLaunchTests.swift; sourceTree = "<group>"; };
/* End PBXFileReference section */

/* Begin PBXFrameworksBuildPhase section */
		90A53B9728456FE6004DE005 /* Frameworks */ = {
			isa = PBXFrameworksBuildPhase;
			buildActionMask = 2147483647;
			files = (
			);
			runOnlyForDeploymentPostprocessing = 0;
		};
		90A53BAD28456FE6004DE005 /* Frameworks */ = {
			isa = PBXFrameworksBuildPhase;
			buildActionMask = 2147483647;
			files = (
			);
			runOnlyForDeploymentPostprocessing = 0;
		};
		90A53BB728456FE6004DE005 /* Frameworks */ = {
			isa = PBXFrameworksBuildPhase;
			buildActionMask = 2147483647;
			files = (
			);
			runOnlyForDeploymentPostprocessing = 0;
		};
/* End PBXFrameworksBuildPhase section */

/* Begin PBXGroup section */
		90A53B9128456FE6004DE005 = {
			isa = PBXGroup;
			children = (
				90A53B9C28456FE6004DE005 /* orn2-kullanicigirisi */,
				90A53BB328456FE6004DE005 /* orn2-kullanicigirisiTests */,
				90A53BBD28456FE6004DE005 /* orn2-kullanicigirisiUITests */,
				90A53B9B28456FE6004DE005 /* Products */,
			);
			sourceTree = "<group>";
		};
		90A53B9B28456FE6004DE005 /* Products */ = {
			isa = PBXGroup;
			children = (
				90A53B9A28456FE6004DE005 /* orn2-kullanicigirisi.app */,
				90A53BB028456FE6004DE005 /* orn2-kullanicigirisiTests.xctest */,
				90A53BBA28456FE6004DE005 /* orn2-kullanicigirisiUITests.xctest */,
			);
			name = Products;
			sourceTree = "<group>";
		};
		90A53B9C28456FE6004DE005 /* orn2-kullanicigirisi */ = {
			isa = PBXGroup;
			children = (
				90A53B9D28456FE6004DE005 /* AppDelegate.swift */,
				90A53B9F28456FE6004DE005 /* SceneDelegate.swift */,
				90A53BA128456FE6004DE005 /* ViewController.swift */,
				90A53BA328456FE6004DE005 /* Main.storyboard */,
				90A53BA628456FE6004DE005 /* Assets.xcassets */,
				90A53BA828456FE6004DE005 /* LaunchScreen.storyboard */,
				90A53BAB28456FE6004DE005 /* Info.plist */,
			);
			path = "orn2-kullanicigirisi";
			sourceTree = "<group>";
		};
		90A53BB328456FE6004DE005 /* orn2-kullanicigirisiTests */ = {
			isa = PBXGroup;
			children = (
				90A53BB428456FE6004DE005 /* orn2_kullanicigirisiTests.swift */,
			);
			path = "orn2-kullanicigirisiTests";
			sourceTree = "<group>";
		};
		90A53BBD28456FE6004DE005 /* orn2-kullanicigirisiUITests */ = {
			isa = PBXGroup;
			children = (
				90A53BBE28456FE6004DE005 /* orn2_kullanicigirisiUITests.swift */,
				90A53BC028456FE6004DE005 /* orn2_kullanicigirisiUITestsLaunchTests.swift */,
			);
			path = "orn2-kullanicigirisiUITests";
			sourceTree = "<group>";
		};
/* End PBXGroup section */

/* Begin PBXNativeTarget section */
		90A53B9928456FE6004DE005 /* orn2-kullanicigirisi */ = {
			isa = PBXNativeTarget;
			buildConfigurationList = 90A53BC428456FE6004DE005 /* Build configuration list for PBXNativeTarget "orn2-kullanicigirisi" */;
			buildPhases = (
				90A53B9628456FE6004DE005 /* Sources */,
				90A53B9728456FE6004DE005 /* Frameworks */,
				90A53B9828456FE6004DE005 /* Resources */,
			);
			buildRules = (
			);
			dependencies = (
			);
			name = "orn2-kullanicigirisi";
			productName = "orn2-kullanicigirisi";
			productReference = 90A53B9A28456FE6004DE005 /* orn2-kullanicigirisi.app */;
			productType = "com.apple.product-type.application";
		};
		90A53BAF28456FE6004DE005 /* orn2-kullanicigirisiTests */ = {
			isa = PBXNativeTarget;
			buildConfigurationList = 90A53BC728456FE6004DE005 /* Build configuration list for PBXNativeTarget "orn2-kullanicigirisiTests" */;
			buildPhases = (
				90A53BAC28456FE6004DE005 /* Sources */,
				90A53BAD28456FE6004DE005 /* Frameworks */,
				90A53BAE28456FE6004DE005 /* Resources */,
			);
			buildRules = (
			);
			dependencies = (
				90A53BB228456FE6004DE005 /* PBXTargetDependency */,
			);
			name = "orn2-kullanicigirisiTests";
			productName = "orn2-kullanicigirisiTests";
			productReference = 90A53BB028456FE6004DE005 /* orn2-kullanicigirisiTests.xctest */;
			productType = "com.apple.product-type.bundle.unit-test";
		};
		90A53BB928456FE6004DE005 /* orn2-kullanicigirisiUITests */ = {
			isa = PBXNativeTarget;
			buildConfigurationList = 90A53BCA28456FE6004DE005 /* Build configuration list for PBXNativeTarget "orn2-kullanicigirisiUITests" */;
			buildPhases = (
				90A53BB628456FE6004DE005 /* Sources */,
				90A53BB728456FE6004DE005 /* Frameworks */,
				90A53BB828456FE6004DE005 /* Resources */,
			);
			buildRules = (
			);
			dependencies = (
				90A53BBC28456FE6004DE005 /* PBXTargetDependency */,
			);
			name = "orn2-kullanicigirisiUITests";
			productName = "orn2-kullanicigirisiUITests";
			productReference = 90A53BBA28456FE6004DE005 /* orn2-kullanicigirisiUITests.xctest */;
			productType = "com.apple.product-type.bundle.ui-testing";
		};
/* End PBXNativeTarget section */

/* Begin PBXProject section */
		90A53B9228456FE6004DE005 /* Project object */ = {
			isa = PBXProject;
			attributes = {
				BuildIndependentTargetsInParallel = 1;
				LastSwiftUpdateCheck = 1340;
				LastUpgradeCheck = 1340;
				TargetAttributes = {
					90A53B9928456FE6004DE005 = {
						CreatedOnToolsVersion = 13.4;
					};
					90A53BAF28456FE6004DE005 = {
						CreatedOnToolsVersion = 13.4;
						TestTargetID = 90A53B9928456FE6004DE005;
					};
					90A53BB928456FE6004DE005 = {
						CreatedOnToolsVersion = 13.4;
						TestTargetID = 90A53B9928456FE6004DE005;
					};
				};
			};
			buildConfigurationList = 90A53B9528456FE6004DE005 /* Build configuration list for PBXProject "orn2-kullanicigirisi" */;
			compatibilityVersion = "Xcode 13.0";
			developmentRegion = en;
			hasScannedForEncodings = 0;
			knownRegions = (
				en,
				Base,
			);
			mainGroup = 90A53B9128456FE6004DE005;
			productRefGroup = 90A53B9B28456FE6004DE005 /* Products */;
			projectDirPath = "";
			projectRoot = "";
			targets = (
				90A53B9928456FE6004DE005 /* orn2-kullanicigirisi */,
				90A53BAF28456FE6004DE005 /* orn2-kullanicigirisiTests */,
				90A53BB928456FE6004DE005 /* orn2-kullanicigirisiUITests */,
			);
		};
/* End PBXProject section */

/* Begin PBXResourcesBuildPhase section */
		90A53B9828456FE6004DE005 /* Resources */ = {
			isa = PBXResourcesBuildPhase;
			buildActionMask = 2147483647;
			files = (
				90A53BAA28456FE6004DE005 /* LaunchScreen.storyboard in Resources */,
				90A53BA728456FE6004DE005 /* Assets.xcassets in Resources */,
				90A53BA528456FE6004DE005 /* Main.storyboard in Resources */,
			);
			runOnlyForDeploymentPostprocessing = 0;
		};
		90A53BAE28456FE6004DE005 /* Resources */ = {
			isa = PBXResourcesBuildPhase;
			buildActionMask = 2147483647;
			files = (
			);
			runOnlyForDeploymentPostprocessing = 0;
		};
		90A53BB828456FE6004DE005 /* Resources */ = {
			isa = PBXResourcesBuildPhase;
			buildActionMask = 2147483647;
			files = (
			);
			runOnlyForDeploymentPostprocessing = 0;
		};
/* End PBXResourcesBuildPhase section */

/* Begin PBXSourcesBuildPhase section */
		90A53B9628456FE6004DE005 /* Sources */ = {
			isa = PBXSourcesBuildPhase;
			buildActionMask = 2147483647;
			files = (
				90A53BA228456FE6004DE005 /* ViewController.swift in Sources */,
				90A53B9E28456FE6004DE005 /* AppDelegate.swift in Sources */,
				90A53BA028456FE6004DE005 /* SceneDelegate.swift in Sources */,
			);
			runOnlyForDeploymentPostprocessing = 0;
		};
		90A53BAC28456FE6004DE005 /* Sources */ = {
			isa = PBXSourcesBuildPhase;
			buildActionMask = 2147483647;
			files = (
				90A53BB528456FE6004DE005 /* orn2_kullanicigirisiTests.swift in Sources */,
			);
			runOnlyForDeploymentPostprocessing = 0;
		};
		90A53BB628456FE6004DE005 /* Sources */ = {
			isa = PBXSourcesBuildPhase;
			buildActionMask = 2147483647;
			files = (
				90A53BBF28456FE6004DE005 /* orn2_kullanicigirisiUITests.swift in Sources */,
				90A53BC128456FE6004DE005 /* orn2_kullanicigirisiUITestsLaunchTests.swift in Sources */,
			);
			runOnlyForDeploymentPostprocessing = 0;
		};
/* End PBXSourcesBuildPhase section */

/* Begin PBXTargetDependency section */
		90A53BB228456FE6004DE005 /* PBXTargetDependency */ = {
			isa = PBXTargetDependency;
			target = 90A53B9928456FE6004DE005 /* orn2-kullanicigirisi */;
			targetProxy = 90A53BB128456FE6004DE005 /* PBXContainerItemProxy */;
		};
		90A53BBC28456FE6004DE005 /* PBXTargetDependency */ = {
			isa = PBXTargetDependency;
			target = 90A53B9928456FE6004DE005 /* orn2-kullanicigirisi */;
			targetProxy = 90A53BBB28456FE6004DE005 /* PBXContainerItemProxy */;
		};
/* End PBXTargetDependency section */

/* Begin PBXVariantGroup section */
		90A53BA328456FE6004DE005 /* Main.storyboard */ = {
			isa = PBXVariantGroup;
			children = (
				90A53BA428456FE6004DE005 /* Base */,
			);
			name = Main.storyboard;
			sourceTree = "<group>";
		};
		90A53BA828456FE6004DE005 /* LaunchScreen.storyboard */ = {
			isa = PBXVariantGroup;
			children = (
				90A53BA928456FE6004DE005 /* Base */,
			);
			name = LaunchScreen.storyboard;
			sourceTree = "<group>";
		};
/* End PBXVariantGroup section */

/* Begin XCBuildConfiguration section */
		90A53BC228456FE6004DE005 /* Debug */ = {
			isa = XCBuildConfiguration;
			buildSettings = {
				ALWAYS_SEARCH_USER_PATHS = NO;
				CLANG_ANALYZER_NONNULL = YES;
				CLANG_ANALYZER_NUMBER_OBJECT_CONVERSION = YES_AGGRESSIVE;
				CLANG_CXX_LANGUAGE_STANDARD = "gnu++17";
				CLANG_ENABLE_MODULES = YES;
				CLANG_ENABLE_OBJC_ARC = YES;
				CLANG_ENABLE_OBJC_WEAK = YES;
				CLANG_WARN_BLOCK_CAPTURE_AUTORELEASING = YES;
				CLANG_WARN_BOOL_CONVERSION = YES;
				CLANG_WARN_COMMA = YES;
				CLANG_WARN_CONSTANT_CONVERSION = YES;
				CLANG_WARN_DEPRECATED_OBJC_IMPLEMENTATIONS = YES;
				CLANG_WARN_DIRECT_OBJC_ISA_USAGE = YES_ERROR;
				CLANG_WARN_DOCUMENTATION_COMMENTS = YES;
				CLANG_WARN_EMPTY_BODY = YES;
				CLANG_WARN_ENUM_CONVERSION = YES;
				CLANG_WARN_INFINITE_RECURSION = YES;
				CLANG_WARN_INT_CONVERSION = YES;
				CLANG_WARN_NON_LITERAL_NULL_CONVERSION = YES;
				CLANG_WARN_OBJC_IMPLICIT_RETAIN_SELF = YES;
				CLANG_WARN_OBJC_LITERAL_CONVERSION = YES;
				CLANG_WARN_OBJC_ROOT_CLASS = YES_ERROR;
				CLANG_WARN_QUOTED_INCLUDE_IN_FRAMEWORK_HEADER = YES;
				CLANG_WARN_RANGE_LOOP_ANALYSIS = YES;
				CLANG_WARN_STRICT_PROTOTYPES = YES;
				CLANG_WARN_SUSPICIOUS_MOVE = YES;
				CLANG_WARN_UNGUARDED_AVAILABILITY = YES_AGGRESSIVE;
				CLANG_WARN_UNREACHABLE_CODE = YES;
				CLANG_WARN__DUPLICATE_METHOD_MATCH = YES;
				COPY_PHASE_STRIP = NO;
				DEBUG_INFORMATION_FORMAT = dwarf;
				ENABLE_STRICT_OBJC_MSGSEND = YES;
				ENABLE_TESTABILITY = YES;
				GCC_C_LANGUAGE_STANDARD = gnu11;
				GCC_DYNAMIC_NO_PIC = NO;
				GCC_NO_COMMON_BLOCKS = YES;
				GCC_OPTIMIZATION_LEVEL = 0;
				GCC_PREPROCESSOR_DEFINITIONS = (
					"DEBUG=1",
					"$(inherited)",
				);
				GCC_WARN_64_TO_32_BIT_CONVERSION = YES;
				GCC_WARN_ABOUT_RETURN_TYPE = YES_ERROR;
				GCC_WARN_UNDECLARED_SELECTOR = YES;
				GCC_WARN_UNINITIALIZED_AUTOS = YES_AGGRESSIVE;
				GCC_WARN_UNUSED_FUNCTION = YES;
				GCC_WARN_UNUSED_VARIABLE = YES;
				IPHONEOS_DEPLOYMENT_TARGET = 15.5;
				MTL_ENABLE_DEBUG_INFO = INCLUDE_SOURCE;
				MTL_FAST_MATH = YES;
				ONLY_ACTIVE_ARCH = YES;
				SDKROOT = iphoneos;
				SWIFT_ACTIVE_COMPILATION_CONDITIONS = DEBUG;
				SWIFT_OPTIMIZATION_LEVEL = "-Onone";
			};
			name = Debug;
		};
		90A53BC328456FE6004DE005 /* Release */ = {
			isa = XCBuildConfiguration;
			buildSettings = {
				ALWAYS_SEARCH_USER_PATHS = NO;
				CLANG_ANALYZER_NONNULL = YES;
				CLANG_ANALYZER_NUMBER_OBJECT_CONVERSION = YES_AGGRESSIVE;
				CLANG_CXX_LANGUAGE_STANDARD = "gnu++17";
				CLANG_ENABLE_MODULES = YES;
				CLANG_ENABLE_OBJC_ARC = YES;
				CLANG_ENABLE_OBJC_WEAK = YES;
				CLANG_WARN_BLOCK_CAPTURE_AUTORELEASING = YES;
				CLANG_WARN_BOOL_CONVERSION = YES;
				CLANG_WARN_COMMA = YES;
				CLANG_WARN_CONSTANT_CONVERSION = YES;
				CLANG_WARN_DEPRECATED_OBJC_IMPLEMENTATIONS = YES;
				CLANG_WARN_DIRECT_OBJC_ISA_USAGE = YES_ERROR;
				CLANG_WARN_DOCUMENTATION_COMMENTS = YES;
				CLANG_WARN_EMPTY_BODY = YES;
				CLANG_WARN_ENUM_CONVERSION = YES;
				CLANG_WARN_INFINITE_RECURSION = YES;
				CLANG_WARN_INT_CONVERSION = YES;
				CLANG_WARN_NON_LITERAL_NULL_CONVERSION = YES;
				CLANG_WARN_OBJC_IMPLICIT_RETAIN_SELF = YES;
				CLANG_WARN_OBJC_LITERAL_CONVERSION = YES;
				CLANG_WARN_OBJC_ROOT_CLASS = YES_ERROR;
				CLANG_WARN_QUOTED_INCLUDE_IN_FRAMEWORK_HEADER = YES;
				CLANG_WARN_RANGE_LOOP_ANALYSIS = YES;
				CLANG_WARN_STRICT_PROTOTYPES = YES;
				CLANG_WARN_SUSPICIOUS_MOVE = YES;
				CLANG_WARN_UNGUARDED_AVAILABILITY = YES_AGGRESSIVE;
				CLANG_WARN_UNREACHABLE_CODE = YES;
				CLANG_WARN__DUPLICATE_METHOD_MATCH = YES;
				COPY_PHASE_STRIP = NO;
				DEBUG_INFORMATION_FORMAT = "dwarf-with-dsym";
				ENABLE_NS_ASSERTIONS = NO;
				ENABLE_STRICT_OBJC_MSGSEND = YES;
				GCC_C_LANGUAGE_STANDARD = gnu11;
				GCC_NO_COMMON_BLOCKS = YES;
				GCC_WARN_64_TO_32_BIT_CONVERSION = YES;
				GCC_WARN_ABOUT_RETURN_TYPE = YES_ERROR;
				GCC_WARN_UNDECLARED_SELECTOR = YES;
				GCC_WARN_UNINITIALIZED_AUTOS = YES_AGGRESSIVE;
				GCC_WARN_UNUSED_FUNCTION = YES;
				GCC_WARN_UNUSED_VARIABLE = YES;
				IPHONEOS_DEPLOYMENT_TARGET = 15.5;
				MTL_ENABLE_DEBUG_INFO = NO;
				MTL_FAST_MATH = YES;
				SDKROOT = iphoneos;
				SWIFT_COMPILATION_MODE = wholemodule;
				SWIFT_OPTIMIZATION_LEVEL = "-O";
				VALIDATE_PRODUCT = YES;
			};
			name = Release;
		};
		90A53BC528456FE6004DE005 /* Debug */ = {
			isa = XCBuildConfiguration;
			buildSettings = {
				ASSETCATALOG_COMPILER_APPICON_NAME = AppIcon;
				ASSETCATALOG_COMPILER_GLOBAL_ACCENT_COLOR_NAME = AccentColor;
				CODE_SIGN_STYLE = Automatic;
				CURRENT_PROJECT_VERSION = 1;
				GENERATE_INFOPLIST_FILE = YES;
				INFOPLIST_FILE = "orn2-kullanicigirisi/Info.plist";
				INFOPLIST_KEY_UIApplicationSupportsIndirectInputEvents = YES;
				INFOPLIST_KEY_UILaunchStoryboardName = LaunchScreen;
				INFOPLIST_KEY_UIMainStoryboardFile = Main;
				INFOPLIST_KEY_UISupportedInterfaceOrientations_iPad = "UIInterfaceOrientationPortrait UIInterfaceOrientationPortraitUpsideDown UIInterfaceOrientationLandscapeLeft UIInterfaceOrientationLandscapeRight";
				INFOPLIST_KEY_UISupportedInterfaceOrientations_iPhone = "UIInterfaceOrientationPortrait UIInterfaceOrientationLandscapeLeft UIInterfaceOrientationLandscapeRight";
				LD_RUNPATH_SEARCH_PATHS = (
					"$(inherited)",
					"@executable_path/Frameworks",
				);
				MARKETING_VERSION = 1.0;
				PRODUCT_BUNDLE_IDENTIFIER = "deneme.orn2-kullanicigirisi";
				PRODUCT_NAME = "$(TARGET_NAME)";
				SWIFT_EMIT_LOC_STRINGS = YES;
				SWIFT_VERSION = 5.0;
				TARGETED_DEVICE_FAMILY = "1,2";
			};
			name = Debug;
		};
		90A53BC628456FE6004DE005 /* Release */ = {
			isa = XCBuildConfiguration;
			buildSettings = {
				ASSETCATALOG_COMPILER_APPICON_NAME = AppIcon;
				ASSETCATALOG_COMPILER_GLOBAL_ACCENT_COLOR_NAME = AccentColor;
				CODE_SIGN_STYLE = Automatic;
				CURRENT_PROJECT_VERSION = 1;
				GENERATE_INFOPLIST_FILE = YES;
				INFOPLIST_FILE = "orn2-kullanicigirisi/Info.plist";
				INFOPLIST_KEY_UIApplicationSupportsIndirectInputEvents = YES;
				INFOPLIST_KEY_UILaunchStoryboardName = LaunchScreen;
				INFOPLIST_KEY_UIMainStoryboardFile = Main;
				INFOPLIST_KEY_UISupportedInterfaceOrientations_iPad = "UIInterfaceOrientationPortrait UIInterfaceOrientationPortraitUpsideDown UIInterfaceOrientationLandscapeLeft UIInterfaceOrientationLandscapeRight";
				INFOPLIST_KEY_UISupportedInterfaceOrientations_iPhone = "UIInterfaceOrientationPortrait UIInterfaceOrientationLandscapeLeft UIInterfaceOrientationLandscapeRight";
				LD_RUNPATH_SEARCH_PATHS = (
					"$(inherited)",
					"@executable_path/Frameworks",
				);
				MARKETING_VERSION = 1.0;
				PRODUCT_BUNDLE_IDENTIFIER = "deneme.orn2-kullanicigirisi";
				PRODUCT_NAME = "$(TARGET_NAME)";
				SWIFT_EMIT_LOC_STRINGS = YES;
				SWIFT_VERSION = 5.0;
				TARGETED_DEVICE_FAMILY = "1,2";
			};
			name = Release;
		};
		90A53BC828456FE6004DE005 /* Debug */ = {
			isa = XCBuildConfiguration;
			buildSettings = {
				ALWAYS_EMBED_SWIFT_STANDARD_LIBRARIES = YES;
				BUNDLE_LOADER = "$(TEST_HOST)";
				CODE_SIGN_STYLE = Automatic;
				CURRENT_PROJECT_VERSION = 1;
				GENERATE_INFOPLIST_FILE = YES;
				IPHONEOS_DEPLOYMENT_TARGET = 15.5;
				MARKETING_VERSION = 1.0;
				PRODUCT_BUNDLE_IDENTIFIER = "deneme.orn2-kullanicigirisiTests";
				PRODUCT_NAME = "$(TARGET_NAME)";
				SWIFT_EMIT_LOC_STRINGS = NO;
				SWIFT_VERSION = 5.0;
				TARGETED_DEVICE_FAMILY = "1,2";
				TEST_HOST = "$(BUILT_PRODUCTS_DIR)/orn2-kullanicigirisi.app/orn2-kullanicigirisi";
			};
			name = Debug;
		};
		90A53BC928456FE6004DE005 /* Release */ = {
			isa = XCBuildConfiguration;
			buildSettings = {
				ALWAYS_EMBED_SWIFT_STANDARD_LIBRARIES = YES;
				BUNDLE_LOADER = "$(TEST_HOST)";
				CODE_SIGN_STYLE = Automatic;
				CURRENT_PROJECT_VERSION = 1;
				GENERATE_INFOPLIST_FILE = YES;
				IPHONEOS_DEPLOYMENT_TARGET = 15.5;
				MARKETING_VERSION = 1.0;
				PRODUCT_BUNDLE_IDENTIFIER = "deneme.orn2-kullanicigirisiTests";
				PRODUCT_NAME = "$(TARGET_NAME)";
				SWIFT_EMIT_LOC_STRINGS = NO;
				SWIFT_VERSION = 5.0;
				TARGETED_DEVICE_FAMILY = "1,2";
				TEST_HOST = "$(BUILT_PRODUCTS_DIR)/orn2-kullanicigirisi.app/orn2-kullanicigirisi";
			};
			name = Release;
		};
		90A53BCB28456FE6004DE005 /* Debug */ = {
			isa = XCBuildConfiguration;
			buildSettings = {
				ALWAYS_EMBED_SWIFT_STANDARD_LIBRARIES = YES;
				CODE_SIGN_STYLE = Automatic;
				CURRENT_PROJECT_VERSION = 1;
				GENERATE_INFOPLIST_FILE = YES;
				MARKETING_VERSION = 1.0;
				PRODUCT_BUNDLE_IDENTIFIER = "deneme.orn2-kullanicigirisiUITests";
				PRODUCT_NAME = "$(TARGET_NAME)";
				SWIFT_EMIT_LOC_STRINGS = NO;
				SWIFT_VERSION = 5.0;
				TARGETED_DEVICE_FAMILY = "1,2";
				TEST_TARGET_NAME = "orn2-kullanicigirisi";
			};
			name = Debug;
		};
		90A53BCC28456FE6004DE005 /* Release */ = {
			isa = XCBuildConfiguration;
			buildSettings = {
				ALWAYS_EMBED_SWIFT_STANDARD_LIBRARIES = YES;
				CODE_SIGN_STYLE = Automatic;
				CURRENT_PROJECT_VERSION = 1;
				GENERATE_INFOPLIST_FILE = YES;
				MARKETING_VERSION = 1.0;
				PRODUCT_BUNDLE_IDENTIFIER = "deneme.orn2-kullanicigirisiUITests";
				PRODUCT_NAME = "$(TARGET_NAME)";
				SWIFT_EMIT_LOC_STRINGS = NO;
				SWIFT_VERSION = 5.0;
				TARGETED_DEVICE_FAMILY = "1,2";
				TEST_TARGET_NAME = "orn2-kullanicigirisi";
			};
			name = Release;
		};
/* End XCBuildConfiguration section */

/* Begin XCConfigurationList section */
		90A53B9528456FE6004DE005 /* Build configuration list for PBXProject "orn2-kullanicigirisi" */ = {
			isa = XCConfigurationList;
			buildConfigurations = (
				90A53BC228456FE6004DE005 /* Debug */,
				90A53BC328456FE6004DE005 /* Release */,
			);
			defaultConfigurationIsVisible = 0;
			defaultConfigurationName = Release;
		};
		90A53BC428456FE6004DE005 /* Build configuration list for PBXNativeTarget "orn2-kullanicigirisi" */ = {
			isa = XCConfigurationList;
			buildConfigurations = (
				90A53BC528456FE6004DE005 /* Debug */,
				90A53BC628456FE6004DE005 /* Release */,
			);
			defaultConfigurationIsVisible = 0;
			defaultConfigurationName = Release;
		};
		90A53BC728456FE6004DE005 /* Build configuration list for PBXNativeTarget "orn2-kullanicigirisiTests" */ = {
			isa = XCConfigurationList;
			buildConfigurations = (
				90A53BC828456FE6004DE005 /* Debug */,
				90A53BC928456FE6004DE005 /* Release */,
			);
			defaultConfigurationIsVisible = 0;
			defaultConfigurationName = Release;
		};
		90A53BCA28456FE6004DE005 /* Build configuration list for PBXNativeTarget "orn2-kullanicigirisiUITests" */ = {
			isa = XCConfigurationList;
			buildConfigurations = (
				90A53BCB28456FE6004DE005 /* Debug */,
				90A53BCC28456FE6004DE005 /* Release */,
			);
			defaultConfigurationIsVisible = 0;
			defaultConfigurationName = Release;
		};
/* End XCConfigurationList section */
	};
	rootObject = 90A53B9228456FE6004DE005 /* Project object */;
}
